
Microsoft Visual Studio Solution File, Format Version 12.00
# Visual Studio Version 17
VisualStudioVersion = 17.13.35913.81 d17.13
MinimumVisualStudioVersion = 10.0.40219.1
Project("{FAE04EC0-301F-11D3-BF4B-00C04F79EFBC}") = "Whiteboard1", "Whiteboard1.csproj", "{36F843F5-F338-4CDB-841E-72D22E1EE595}"
EndProject
Global
	GlobalSection(SolutionConfigurationPlatforms) = preSolution
		Debug|Any CPU = Debug|Any CPU
		Release|Any CPU = Release|Any CPU
	EndGlobalSection
	GlobalSection(ProjectConfigurationPlatforms) = postSolution
		{36F843F5-F338-4CDB-841E-72D22E1EE595}.Debug|Any CPU.ActiveCfg = Debug|Any CPU
		{36F843F5-F338-4CDB-841E-72D22E1EE595}.Debug|Any CPU.Build.0 = Debug|Any CPU
		{36F843F5-F338-4CDB-841E-72D22E1EE595}.Release|Any CPU.ActiveCfg = Release|Any CPU
		{36F843F5-F338-4CDB-841E-72D22E1EE595}.Release|Any CPU.Build.0 = Release|Any CPU
	EndGlobalSection
	GlobalSection(SolutionProperties) = preSolution
		HideSolutionNode = FALSE
	EndGlobalSection
	GlobalSection(ExtensibilityGlobals) = postSolution
		SolutionGuid = {30D1BF29-803F-4663-904E-38EB58DE1108}
	EndGlobalSection
EndGlobal
